
Microsoft Visual Studio Solution File, Format Version 12.00
# Visual Studio Version 17
VisualStudioVersion = 17.1.32228.430
MinimumVisualStudioVersion = 10.0.40219.1
Project("{FAE04EC0-301F-11D3-BF4B-00C04F79EFBC}") = "Flappy Bird Windows Form", "Flappy Bird Windows Form.csproj", "{EA8DDCBF-0339-4A97-91B3-FF03E290086E}"
EndProject
Global
	GlobalSection(SolutionConfigurationPlatforms) = preSolution
		Debug|Any CPU = Debug|Any CPU
		Release|Any CPU = Release|Any CPU
	EndGlobalSection
	GlobalSection(ProjectConfigurationPlatforms) = postSolution
		{EA8DDCBF-0339-4A97-91B3-FF03E290086E}.Debug|Any CPU.ActiveCfg = Debug|Any CPU
		{EA8DDCBF-0339-4A97-91B3-FF03E290086E}.Debug|Any CPU.Build.0 = Debug|Any CPU
		{EA8DDCBF-0339-4A97-91B3-FF03E290086E}.Release|Any CPU.ActiveCfg = Release|Any CPU
		{EA8DDCBF-0339-4A97-91B3-FF03E290086E}.Release|Any CPU.Build.0 = Release|Any CPU
	EndGlobalSection
	GlobalSection(SolutionProperties) = preSolution
		HideSolutionNode = FALSE
	EndGlobalSection
	GlobalSection(ExtensibilityGlobals) = postSolution
		SolutionGuid = {9F216A82-91CB-43C7-B9BC-B4B4FCA93754}
	EndGlobalSection
EndGlobal
